
Microsoft Visual Studio Solution File, Format Version 12.00
# Visual Studio Version 17
VisualStudioVersion = 17.12.35527.113
MinimumVisualStudioVersion = 10.0.40219.1
Project("{FAE04EC0-301F-11D3-BF4B-00C04F79EFBC}") = "Models", "Models\Models.csproj", "{CD88A3F6-CA9C-44D0-805F-143058ADEEFA}"
EndProject
Project("{FAE04EC0-301F-11D3-BF4B-00C04F79EFBC}") = "Business", "Business\Business.csproj", "{92088104-805A-45D6-A9C4-BA159945C9F5}"
EndProject
Project("{FAE04EC0-301F-11D3-BF4B-00C04F79EFBC}") = "ThunderTasks", "ThunderTasks\ThunderTasks.csproj", "{A67FE522-566D-408F-BD99-1D38AADDB4BF}"
EndProject
Global
	GlobalSection(SolutionConfigurationPlatforms) = preSolution
		Debug|Any CPU = Debug|Any CPU
		Release|Any CPU = Release|Any CPU
	EndGlobalSection
	GlobalSection(ProjectConfigurationPlatforms) = postSolution
		{CD88A3F6-CA9C-44D0-805F-143058ADEEFA}.Debug|Any CPU.ActiveCfg = Debug|Any CPU
		{CD88A3F6-CA9C-44D0-805F-143058ADEEFA}.Debug|Any CPU.Build.0 = Debug|Any CPU
		{CD88A3F6-CA9C-44D0-805F-143058ADEEFA}.Release|Any CPU.ActiveCfg = Release|Any CPU
		{CD88A3F6-CA9C-44D0-805F-143058ADEEFA}.Release|Any CPU.Build.0 = Release|Any CPU
		{92088104-805A-45D6-A9C4-BA159945C9F5}.Debug|Any CPU.ActiveCfg = Debug|Any CPU
		{92088104-805A-45D6-A9C4-BA159945C9F5}.Debug|Any CPU.Build.0 = Debug|Any CPU
		{92088104-805A-45D6-A9C4-BA159945C9F5}.Release|Any CPU.ActiveCfg = Release|Any CPU
		{92088104-805A-45D6-A9C4-BA159945C9F5}.Release|Any CPU.Build.0 = Release|Any CPU
		{A67FE522-566D-408F-BD99-1D38AADDB4BF}.Debug|Any CPU.ActiveCfg = Debug|Any CPU
		{A67FE522-566D-408F-BD99-1D38AADDB4BF}.Debug|Any CPU.Build.0 = Debug|Any CPU
		{A67FE522-566D-408F-BD99-1D38AADDB4BF}.Release|Any CPU.ActiveCfg = Release|Any CPU
		{A67FE522-566D-408F-BD99-1D38AADDB4BF}.Release|Any CPU.Build.0 = Release|Any CPU
	EndGlobalSection
	GlobalSection(SolutionProperties) = preSolution
		HideSolutionNode = FALSE
	EndGlobalSection
EndGlobal
